// !$*UTF8*$!
{
	archiveVersion = 1;
	classes = {
	};
	objectVersion = 48;
	objects = {

/* Begin PBXBuildFile section */
		1A1401491FED826A0051F302 /* AppDelegate.swift in Sources */ = {isa = PBXBuildFile; fileRef = 1A1401481FED826A0051F302 /* AppDelegate.swift */; };
		1A14014B1FED826A0051F302 /* ViewController.swift in Sources */ = {isa = PBXBuildFile; fileRef = 1A14014A1FED826A0051F302 /* ViewController.swift */; };
		1A14014E1FED826A0051F302 /* Main.storyboard in Resources */ = {isa = PBXBuildFile; fileRef = 1A14014C1FED826A0051F302 /* Main.storyboard */; };
		1A1401511FED826A0051F302 /* AwareHealth.xcdatamodeld in Sources */ = {isa = PBXBuildFile; fileRef = 1A14014F1FED826A0051F302 /* AwareHealth.xcdatamodeld */; };
		1A1401531FED826A0051F302 /* Assets.xcassets in Resources */ = {isa = PBXBuildFile; fileRef = 1A1401521FED826A0051F302 /* Assets.xcassets */; };
		1A1401561FED826A0051F302 /* LaunchScreen.storyboard in Resources */ = {isa = PBXBuildFile; fileRef = 1A1401541FED826A0051F302 /* LaunchScreen.storyboard */; };
		1A1401611FED826B0051F302 /* AwareHealthTests.swift in Sources */ = {isa = PBXBuildFile; fileRef = 1A1401601FED826A0051F302 /* AwareHealthTests.swift */; };
		1A14016C1FED826B0051F302 /* AwareHealthUITests.swift in Sources */ = {isa = PBXBuildFile; fileRef = 1A14016B1FED826B0051F302 /* AwareHealthUITests.swift */; };
/* End PBXBuildFile section */

/* Begin PBXContainerItemProxy section */
		1A14015D1FED826A0051F302 /* PBXContainerItemProxy */ = {
			isa = PBXContainerItemProxy;
			containerPortal = 1A14013D1FED826A0051F302 /* Project object */;
			proxyType = 1;
			remoteGlobalIDString = 1A1401441FED826A0051F302;
			remoteInfo = AwareHealth;
		};
		1A1401681FED826B0051F302 /* PBXContainerItemProxy */ = {
			isa = PBXContainerItemProxy;
			containerPortal = 1A14013D1FED826A0051F302 /* Project object */;
			proxyType = 1;
			remoteGlobalIDString = 1A1401441FED826A0051F302;
			remoteInfo = AwareHealth;
		};
/* End PBXContainerItemProxy section */

/* Begin PBXFileReference section */
		1A1401451FED826A0051F302 /* AwareHealth.app */ = {isa = PBXFileReference; explicitFileType = wrapper.application; includeInIndex = 0; path = AwareHealth.app; sourceTree = BUILT_PRODUCTS_DIR; };
		1A1401481FED826A0051F302 /* AppDelegate.swift */ = {isa = PBXFileReference; lastKnownFileType = sourcecode.swift; path = AppDelegate.swift; sourceTree = "<group>"; };
		1A14014A1FED826A0051F302 /* ViewController.swift */ = {isa = PBXFileReference; lastKnownFileType = sourcecode.swift; path = ViewController.swift; sourceTree = "<group>"; };
		1A14014D1FED826A0051F302 /* Base */ = {isa = PBXFileReference; lastKnownFileType = file.storyboard; name = Base; path = Base.lproj/Main.storyboard; sourceTree = "<group>"; };
		1A1401501FED826A0051F302 /* AwareHealth.xcdatamodel */ = {isa = PBXFileReference; lastKnownFileType = wrapper.xcdatamodel; path = AwareHealth.xcdatamodel; sourceTree = "<group>"; };
		1A1401521FED826A0051F302 /* Assets.xcassets */ = {isa = PBXFileReference; lastKnownFileType = folder.assetcatalog; path = Assets.xcassets; sourceTree = "<group>"; };
		1A1401551FED826A0051F302 /* Base */ = {isa = PBXFileReference; lastKnownFileType = file.storyboard; name = Base; path = Base.lproj/LaunchScreen.storyboard; sourceTree = "<group>"; };
		1A1401571FED826A0051F302 /* Info.plist */ = {isa = PBXFileReference; lastKnownFileType = text.plist.xml; path = Info.plist; sourceTree = "<group>"; };
		1A14015C1FED826A0051F302 /* AwareHealthTests.xctest */ = {isa = PBXFileReference; explicitFileType = wrapper.cfbundle; includeInIndex = 0; path = AwareHealthTests.xctest; sourceTree = BUILT_PRODUCTS_DIR; };
		1A1401601FED826A0051F302 /* AwareHealthTests.swift */ = {isa = PBXFileReference; lastKnownFileType = sourcecode.swift; path = AwareHealthTests.swift; sourceTree = "<group>"; };
		1A1401621FED826B0051F302 /* Info.plist */ = {isa = PBXFileReference; lastKnownFileType = text.plist.xml; path = Info.plist; sourceTree = "<group>"; };
		1A1401671FED826B0051F302 /* AwareHealthUITests.xctest */ = {isa = PBXFileReference; explicitFileType = wrapper.cfbundle; includeInIndex = 0; path = AwareHealthUITests.xctest; sourceTree = BUILT_PRODUCTS_DIR; };
		1A14016B1FED826B0051F302 /* AwareHealthUITests.swift */ = {isa = PBXFileReference; lastKnownFileType = sourcecode.swift; path = AwareHealthUITests.swift; sourceTree = "<group>"; };
		1A14016D1FED826B0051F302 /* Info.plist */ = {isa = PBXFileReference; lastKnownFileType = text.plist.xml; path = Info.plist; sourceTree = "<group>"; };
/* End PBXFileReference section */

/* Begin PBXFrameworksBuildPhase section */
		1A1401421FED826A0051F302 /* Frameworks */ = {
			isa = PBXFrameworksBuildPhase;
			buildActionMask = 2147483647;
			files = (
			);
			runOnlyForDeploymentPostprocessing = 0;
		};
		1A1401591FED826A0051F302 /* Frameworks */ = {
			isa = PBXFrameworksBuildPhase;
			buildActionMask = 2147483647;
			files = (
			);
			runOnlyForDeploymentPostprocessing = 0;
		};
		1A1401641FED826B0051F302 /* Frameworks */ = {
			isa = PBXFrameworksBuildPhase;
			buildActionMask = 2147483647;
			files = (
			);
			runOnlyForDeploymentPostprocessing = 0;
		};
/* End PBXFrameworksBuildPhase section */

/* Begin PBXGroup section */
		1A14013C1FED826A0051F302 = {
			isa = PBXGroup;
			children = (
				1A1401471FED826A0051F302 /* AwareHealth */,
				1A14015F1FED826A0051F302 /* AwareHealthTests */,
				1A14016A1FED826B0051F302 /* AwareHealthUITests */,
				1A1401461FED826A0051F302 /* Products */,
			);
			sourceTree = "<group>";
		};
		1A1401461FED826A0051F302 /* Products */ = {
			isa = PBXGroup;
			children = (
				1A1401451FED826A0051F302 /* AwareHealth.app */,
				1A14015C1FED826A0051F302 /* AwareHealthTests.xctest */,
				1A1401671FED826B0051F302 /* AwareHealthUITests.xctest */,
			);
			name = Products;
			sourceTree = "<group>";
		};
		1A1401471FED826A0051F302 /* AwareHealth */ = {
			isa = PBXGroup;
			children = (
				1A1401481FED826A0051F302 /* AppDelegate.swift */,
				1A14014A1FED826A0051F302 /* ViewController.swift */,
				1A14014C1FED826A0051F302 /* Main.storyboard */,
				1A1401521FED826A0051F302 /* Assets.xcassets */,
				1A1401541FED826A0051F302 /* LaunchScreen.storyboard */,
				1A1401571FED826A0051F302 /* Info.plist */,
				1A14014F1FED826A0051F302 /* AwareHealth.xcdatamodeld */,
			);
			path = AwareHealth;
			sourceTree = "<group>";
		};
		1A14015F1FED826A0051F302 /* AwareHealthTests */ = {
			isa = PBXGroup;
			children = (
				1A1401601FED826A0051F302 /* AwareHealthTests.swift */,
				1A1401621FED826B0051F302 /* Info.plist */,
			);
			path = AwareHealthTests;
			sourceTree = "<group>";
		};
		1A14016A1FED826B0051F302 /* AwareHealthUITests */ = {
			isa = PBXGroup;
			children = (
				1A14016B1FED826B0051F302 /* AwareHealthUITests.swift */,
				1A14016D1FED826B0051F302 /* Info.plist */,
			);
			path = AwareHealthUITests;
			sourceTree = "<group>";
		};
/* End PBXGroup section */

/* Begin PBXNativeTarget section */
		1A1401441FED826A0051F302 /* AwareHealth */ = {
			isa = PBXNativeTarget;
			buildConfigurationList = 1A1401701FED826B0051F302 /* Build configuration list for PBXNativeTarget "AwareHealth" */;
			buildPhases = (
				1A1401411FED826A0051F302 /* Sources */,
				1A1401421FED826A0051F302 /* Frameworks */,
				1A1401431FED826A0051F302 /* Resources */,
			);
			buildRules = (
			);
			dependencies = (
			);
			name = AwareHealth;
			productName = AwareHealth;
			productReference = 1A1401451FED826A0051F302 /* AwareHealth.app */;
			productType = "com.apple.product-type.application";
		};
		1A14015B1FED826A0051F302 /* AwareHealthTests */ = {
			isa = PBXNativeTarget;
			buildConfigurationList = 1A1401731FED826B0051F302 /* Build configuration list for PBXNativeTarget "AwareHealthTests" */;
			buildPhases = (
				1A1401581FED826A0051F302 /* Sources */,
				1A1401591FED826A0051F302 /* Frameworks */,
				1A14015A1FED826A0051F302 /* Resources */,
			);
			buildRules = (
			);
			dependencies = (
				1A14015E1FED826A0051F302 /* PBXTargetDependency */,
			);
			name = AwareHealthTests;
			productName = AwareHealthTests;
			productReference = 1A14015C1FED826A0051F302 /* AwareHealthTests.xctest */;
			productType = "com.apple.product-type.bundle.unit-test";
		};
		1A1401661FED826B0051F302 /* AwareHealthUITests */ = {
			isa = PBXNativeTarget;
			buildConfigurationList = 1A1401761FED826B0051F302 /* Build configuration list for PBXNativeTarget "AwareHealthUITests" */;
			buildPhases = (
				1A1401631FED826B0051F302 /* Sources */,
				1A1401641FED826B0051F302 /* Frameworks */,
				1A1401651FED826B0051F302 /* Resources */,
			);
			buildRules = (
			);
			dependencies = (
				1A1401691FED826B0051F302 /* PBXTargetDependency */,
			);
			name = AwareHealthUITests;
			productName = AwareHealthUITests;
			productReference = 1A1401671FED826B0051F302 /* AwareHealthUITests.xctest */;
			productType = "com.apple.product-type.bundle.ui-testing";
		};
/* End PBXNativeTarget section */

/* Begin PBXProject section */
		1A14013D1FED826A0051F302 /* Project object */ = {
			isa = PBXProject;
			attributes = {
				LastSwiftUpdateCheck = 0920;
				LastUpgradeCheck = 0920;
				ORGANIZATIONNAME = "Awarepoint Inc.";
				TargetAttributes = {
					1A1401441FED826A0051F302 = {
						CreatedOnToolsVersion = 9.2;
						ProvisioningStyle = Automatic;
					};
					1A14015B1FED826A0051F302 = {
						CreatedOnToolsVersion = 9.2;
						ProvisioningStyle = Automatic;
						TestTargetID = 1A1401441FED826A0051F302;
					};
					1A1401661FED826B0051F302 = {
						CreatedOnToolsVersion = 9.2;
						ProvisioningStyle = Automatic;
						TestTargetID = 1A1401441FED826A0051F302;
					};
				};
			};
			buildConfigurationList = 1A1401401FED826A0051F302 /* Build configuration list for PBXProject "AwareHealth" */;
			compatibilityVersion = "Xcode 8.0";
			developmentRegion = en;
			hasScannedForEncodings = 0;
			knownRegions = (
				en,
				Base,
			);
			mainGroup = 1A14013C1FED826A0051F302;
			productRefGroup = 1A1401461FED826A0051F302 /* Products */;
			projectDirPath = "";
			projectRoot = "";
			targets = (
				1A1401441FED826A0051F302 /* AwareHealth */,
				1A14015B1FED826A0051F302 /* AwareHealthTests */,
				1A1401661FED826B0051F302 /* AwareHealthUITests */,
			);
		};
/* End PBXProject section */

/* Begin PBXResourcesBuildPhase section */
		1A1401431FED826A0051F302 /* Resources */ = {
			isa = PBXResourcesBuildPhase;
			buildActionMask = 2147483647;
			files = (
				1A1401561FED826A0051F302 /* LaunchScreen.storyboard in Resources */,
				1A1401531FED826A0051F302 /* Assets.xcassets in Resources */,
				1A14014E1FED826A0051F302 /* Main.storyboard in Resources */,
			);
			runOnlyForDeploymentPostprocessing = 0;
		};
		1A14015A1FED826A0051F302 /* Resources */ = {
			isa = PBXResourcesBuildPhase;
			buildActionMask = 2147483647;
			files = (
			);
			runOnlyForDeploymentPostprocessing = 0;
		};
		1A1401651FED826B0051F302 /* Resources */ = {
			isa = PBXResourcesBuildPhase;
			buildActionMask = 2147483647;
			files = (
			);
			runOnlyForDeploymentPostprocessing = 0;
		};
/* End PBXResourcesBuildPhase section */

/* Begin PBXSourcesBuildPhase section */
		1A1401411FED826A0051F302 /* Sources */ = {
			isa = PBXSourcesBuildPhase;
			buildActionMask = 2147483647;
			files = (
				1A14014B1FED826A0051F302 /* ViewController.swift in Sources */,
				1A1401511FED826A0051F302 /* AwareHealth.xcdatamodeld in Sources */,
				1A1401491FED826A0051F302 /* AppDelegate.swift in Sources */,
			);
			runOnlyForDeploymentPostprocessing = 0;
		};
		1A1401581FED826A0051F302 /* Sources */ = {
			isa = PBXSourcesBuildPhase;
			buildActionMask = 2147483647;
			files = (
				1A1401611FED826B0051F302 /* AwareHealthTests.swift in Sources */,
			);
			runOnlyForDeploymentPostprocessing = 0;
		};
		1A1401631FED826B0051F302 /* Sources */ = {
			isa = PBXSourcesBuildPhase;
			buildActionMask = 2147483647;
			files = (
				1A14016C1FED826B0051F302 /* AwareHealthUITests.swift in Sources */,
			);
			runOnlyForDeploymentPostprocessing = 0;
		};
/* End PBXSourcesBuildPhase section */

/* Begin PBXTargetDependency section */
		1A14015E1FED826A0051F302 /* PBXTargetDependency */ = {
			isa = PBXTargetDependency;
			target = 1A1401441FED826A0051F302 /* AwareHealth */;
			targetProxy = 1A14015D1FED826A0051F302 /* PBXContainerItemProxy */;
		};
		1A1401691FED826B0051F302 /* PBXTargetDependency */ = {
			isa = PBXTargetDependency;
			target = 1A1401441FED826A0051F302 /* AwareHealth */;
			targetProxy = 1A1401681FED826B0051F302 /* PBXContainerItemProxy */;
		};
/* End PBXTargetDependency section */

/* Begin PBXVariantGroup section */
		1A14014C1FED826A0051F302 /* Main.storyboard */ = {
			isa = PBXVariantGroup;
			children = (
				1A14014D1FED826A0051F302 /* Base */,
			);
			name = Main.storyboard;
			sourceTree = "<group>";
		};
		1A1401541FED826A0051F302 /* LaunchScreen.storyboard */ = {
			isa = PBXVariantGroup;
			children = (
				1A1401551FED826A0051F302 /* Base */,
			);
			name = LaunchScreen.storyboard;
			sourceTree = "<group>";
		};
/* End PBXVariantGroup section */

/* Begin XCBuildConfiguration section */
		1A14016E1FED826B0051F302 /* Debug */ = {
			isa = XCBuildConfiguration;
			buildSettings = {
				ALWAYS_SEARCH_USER_PATHS = NO;
				CLANG_ANALYZER_NONNULL = YES;
				CLANG_ANALYZER_NUMBER_OBJECT_CONVERSION = YES_AGGRESSIVE;
				CLANG_CXX_LANGUAGE_STANDARD = "gnu++14";
				CLANG_CXX_LIBRARY = "libc++";
				CLANG_ENABLE_MODULES = YES;
				CLANG_ENABLE_OBJC_ARC = YES;
				CLANG_WARN_BLOCK_CAPTURE_AUTORELEASING = YES;
				CLANG_WARN_BOOL_CONVERSION = YES;
				CLANG_WARN_COMMA = YES;
				CLANG_WARN_CONSTANT_CONVERSION = YES;
				CLANG_WARN_DIRECT_OBJC_ISA_USAGE = YES_ERROR;
				CLANG_WARN_DOCUMENTATION_COMMENTS = YES;
				CLANG_WARN_EMPTY_BODY = YES;
				CLANG_WARN_ENUM_CONVERSION = YES;
				CLANG_WARN_INFINITE_RECURSION = YES;
				CLANG_WARN_INT_CONVERSION = YES;
				CLANG_WARN_NON_LITERAL_NULL_CONVERSION = YES;
				CLANG_WARN_OBJC_LITERAL_CONVERSION = YES;
				CLANG_WARN_OBJC_ROOT_CLASS = YES_ERROR;
				CLANG_WARN_RANGE_LOOP_ANALYSIS = YES;
				CLANG_WARN_STRICT_PROTOTYPES = YES;
				CLANG_WARN_SUSPICIOUS_MOVE = YES;
				CLANG_WARN_UNGUARDED_AVAILABILITY = YES_AGGRESSIVE;
				CLANG_WARN_UNREACHABLE_CODE = YES;
				CLANG_WARN__DUPLICATE_METHOD_MATCH = YES;
				CODE_SIGN_IDENTITY = "iPhone Developer";
				COPY_PHASE_STRIP = NO;
				DEBUG_INFORMATION_FORMAT = dwarf;
				ENABLE_STRICT_OBJC_MSGSEND = YES;
				ENABLE_TESTABILITY = YES;
				GCC_C_LANGUAGE_STANDARD = gnu11;
				GCC_DYNAMIC_NO_PIC = NO;
				GCC_NO_COMMON_BLOCKS = YES;
				GCC_OPTIMIZATION_LEVEL = 0;
				GCC_PREPROCESSOR_DEFINITIONS = (
					"DEBUG=1",
					"$(inherited)",
				);
				GCC_WARN_64_TO_32_BIT_CONVERSION = YES;
				GCC_WARN_ABOUT_RETURN_TYPE = YES_ERROR;
				GCC_WARN_UNDECLARED_SELECTOR = YES;
				GCC_WARN_UNINITIALIZED_AUTOS = YES_AGGRESSIVE;
				GCC_WARN_UNUSED_FUNCTION = YES;
				GCC_WARN_UNUSED_VARIABLE = YES;
				IPHONEOS_DEPLOYMENT_TARGET = 11.2;
				MTL_ENABLE_DEBUG_INFO = YES;
				ONLY_ACTIVE_ARCH = YES;
				SDKROOT = iphoneos;
				SWIFT_ACTIVE_COMPILATION_CONDITIONS = DEBUG;
				SWIFT_OPTIMIZATION_LEVEL = "-Onone";
			};
			name = Debug;
		};
		1A14016F1FED826B0051F302 /* Release */ = {
			isa = XCBuildConfiguration;
			buildSettings = {
				ALWAYS_SEARCH_USER_PATHS = NO;
				CLANG_ANALYZER_NONNULL = YES;
				CLANG_ANALYZER_NUMBER_OBJECT_CONVERSION = YES_AGGRESSIVE;
				CLANG_CXX_LANGUAGE_STANDARD = "gnu++14";
				CLANG_CXX_LIBRARY = "libc++";
				CLANG_ENABLE_MODULES = YES;
				CLANG_ENABLE_OBJC_ARC = YES;
				CLANG_WARN_BLOCK_CAPTURE_AUTORELEASING = YES;
				CLANG_WARN_BOOL_CONVERSION = YES;
				CLANG_WARN_COMMA = YES;
				CLANG_WARN_CONSTANT_CONVERSION = YES;
				CLANG_WARN_DIRECT_OBJC_ISA_USAGE = YES_ERROR;
				CLANG_WARN_DOCUMENTATION_COMMENTS = YES;
				CLANG_WARN_EMPTY_BODY = YES;
				CLANG_WARN_ENUM_CONVERSION = YES;
				CLANG_WARN_INFINITE_RECURSION = YES;
				CLANG_WARN_INT_CONVERSION = YES;
				CLANG_WARN_NON_LITERAL_NULL_CONVERSION = YES;
				CLANG_WARN_OBJC_LITERAL_CONVERSION = YES;
				CLANG_WARN_OBJC_ROOT_CLASS = YES_ERROR;
				CLANG_WARN_RANGE_LOOP_ANALYSIS = YES;
				CLANG_WARN_STRICT_PROTOTYPES = YES;
				CLANG_WARN_SUSPICIOUS_MOVE = YES;
				CLANG_WARN_UNGUARDED_AVAILABILITY = YES_AGGRESSIVE;
				CLANG_WARN_UNREACHABLE_CODE = YES;
				CLANG_WARN__DUPLICATE_METHOD_MATCH = YES;
				CODE_SIGN_IDENTITY = "iPhone Developer";
				COPY_PHASE_STRIP = NO;
				DEBUG_INFORMATION_FORMAT = "dwarf-with-dsym";
				ENABLE_NS_ASSERTIONS = NO;
				ENABLE_STRICT_OBJC_MSGSEND = YES;
				GCC_C_LANGUAGE_STANDARD = gnu11;
				GCC_NO_COMMON_BLOCKS = YES;
				GCC_WARN_64_TO_32_BIT_CONVERSION = YES;
				GCC_WARN_ABOUT_RETURN_TYPE = YES_ERROR;
				GCC_WARN_UNDECLARED_SELECTOR = YES;
				GCC_WARN_UNINITIALIZED_AUTOS = YES_AGGRESSIVE;
				GCC_WARN_UNUSED_FUNCTION = YES;
				GCC_WARN_UNUSED_VARIABLE = YES;
				IPHONEOS_DEPLOYMENT_TARGET = 11.2;
				MTL_ENABLE_DEBUG_INFO = NO;
				SDKROOT = iphoneos;
				SWIFT_OPTIMIZATION_LEVEL = "-Owholemodule";
				VALIDATE_PRODUCT = YES;
			};
			name = Release;
		};
		1A1401711FED826B0051F302 /* Debug */ = {
			isa = XCBuildConfiguration;
			buildSettings = {
				ASSETCATALOG_COMPILER_APPICON_NAME = AppIcon;
				CODE_SIGN_STYLE = Automatic;
				DEVELOPMENT_TEAM = 7YA6LVZR6P;
				INFOPLIST_FILE = AwareHealth/Info.plist;
				LD_RUNPATH_SEARCH_PATHS = "$(inherited) @executable_path/Frameworks";
				PRODUCT_BUNDLE_IDENTIFIER = awp.AwareHealth;
				PRODUCT_NAME = "$(TARGET_NAME)";
				SWIFT_VERSION = 4.0;
				TARGETED_DEVICE_FAMILY = "1,2";
			};
			name = Debug;
		};
		1A1401721FED826B0051F302 /* Release */ = {
			isa = XCBuildConfiguration;
			buildSettings = {
				ASSETCATALOG_COMPILER_APPICON_NAME = AppIcon;
				CODE_SIGN_STYLE = Automatic;
				DEVELOPMENT_TEAM = 7YA6LVZR6P;
				INFOPLIST_FILE = AwareHealth/Info.plist;
				LD_RUNPATH_SEARCH_PATHS = "$(inherited) @executable_path/Frameworks";
				PRODUCT_BUNDLE_IDENTIFIER = awp.AwareHealth;
				PRODUCT_NAME = "$(TARGET_NAME)";
				SWIFT_VERSION = 4.0;
				TARGETED_DEVICE_FAMILY = "1,2";
			};
			name = Release;
		};
		1A1401741FED826B0051F302 /* Debug */ = {
			isa = XCBuildConfiguration;
			buildSettings = {
				ALWAYS_EMBED_SWIFT_STANDARD_LIBRARIES = YES;
				BUNDLE_LOADER = "$(TEST_HOST)";
				CODE_SIGN_STYLE = Automatic;
				DEVELOPMENT_TEAM = 7YA6LVZR6P;
				INFOPLIST_FILE = AwareHealthTests/Info.plist;
				LD_RUNPATH_SEARCH_PATHS = "$(inherited) @executable_path/Frameworks @loader_path/Frameworks";
				PRODUCT_BUNDLE_IDENTIFIER = awp.AwareHealthTests;
				PRODUCT_NAME = "$(TARGET_NAME)";
				SWIFT_VERSION = 4.0;
				TARGETED_DEVICE_FAMILY = "1,2";
				TEST_HOST = "$(BUILT_PRODUCTS_DIR)/AwareHealth.app/AwareHealth";
			};
			name = Debug;
		};
		1A1401751FED826B0051F302 /* Release */ = {
			isa = XCBuildConfiguration;
			buildSettings = {
				ALWAYS_EMBED_SWIFT_STANDARD_LIBRARIES = YES;
				BUNDLE_LOADER = "$(TEST_HOST)";
				CODE_SIGN_STYLE = Automatic;
				DEVELOPMENT_TEAM = 7YA6LVZR6P;
				INFOPLIST_FILE = AwareHealthTests/Info.plist;
				LD_RUNPATH_SEARCH_PATHS = "$(inherited) @executable_path/Frameworks @loader_path/Frameworks";
				PRODUCT_BUNDLE_IDENTIFIER = awp.AwareHealthTests;
				PRODUCT_NAME = "$(TARGET_NAME)";
				SWIFT_VERSION = 4.0;
				TARGETED_DEVICE_FAMILY = "1,2";
				TEST_HOST = "$(BUILT_PRODUCTS_DIR)/AwareHealth.app/AwareHealth";
			};
			name = Release;
		};
		1A1401771FED826B0051F302 /* Debug */ = {
			isa = XCBuildConfiguration;
			buildSettings = {
				ALWAYS_EMBED_SWIFT_STANDARD_LIBRARIES = YES;
				CODE_SIGN_STYLE = Automatic;
				DEVELOPMENT_TEAM = 7YA6LVZR6P;
				INFOPLIST_FILE = AwareHealthUITests/Info.plist;
				LD_RUNPATH_SEARCH_PATHS = "$(inherited) @executable_path/Frameworks @loader_path/Frameworks";
				PRODUCT_BUNDLE_IDENTIFIER = awp.AwareHealthUITests;
				PRODUCT_NAME = "$(TARGET_NAME)";
				SWIFT_VERSION = 4.0;
				TARGETED_DEVICE_FAMILY = "1,2";
				TEST_TARGET_NAME = AwareHealth;
			};
			name = Debug;
		};
		1A1401781FED826B0051F302 /* Release */ = {
			isa = XCBuildConfiguration;
			buildSettings = {
				ALWAYS_EMBED_SWIFT_STANDARD_LIBRARIES = YES;
				CODE_SIGN_STYLE = Automatic;
				DEVELOPMENT_TEAM = 7YA6LVZR6P;
				INFOPLIST_FILE = AwareHealthUITests/Info.plist;
				LD_RUNPATH_SEARCH_PATHS = "$(inherited) @executable_path/Frameworks @loader_path/Frameworks";
				PRODUCT_BUNDLE_IDENTIFIER = awp.AwareHealthUITests;
				PRODUCT_NAME = "$(TARGET_NAME)";
				SWIFT_VERSION = 4.0;
				TARGETED_DEVICE_FAMILY = "1,2";
				TEST_TARGET_NAME = AwareHealth;
			};
			name = Release;
		};
/* End XCBuildConfiguration section */

/* Begin XCConfigurationList section */
		1A1401401FED826A0051F302 /* Build configuration list for PBXProject "AwareHealth" */ = {
			isa = XCConfigurationList;
			buildConfigurations = (
				1A14016E1FED826B0051F302 /* Debug */,
				1A14016F1FED826B0051F302 /* Release */,
			);
			defaultConfigurationIsVisible = 0;
			defaultConfigurationName = Release;
		};
		1A1401701FED826B0051F302 /* Build configuration list for PBXNativeTarget "AwareHealth" */ = {
			isa = XCConfigurationList;
			buildConfigurations = (
				1A1401711FED826B0051F302 /* Debug */,
				1A1401721FED826B0051F302 /* Release */,
			);
			defaultConfigurationIsVisible = 0;
			defaultConfigurationName = Release;
		};
		1A1401731FED826B0051F302 /* Build configuration list for PBXNativeTarget "AwareHealthTests" */ = {
			isa = XCConfigurationList;
			buildConfigurations = (
				1A1401741FED826B0051F302 /* Debug */,
				1A1401751FED826B0051F302 /* Release */,
			);
			defaultConfigurationIsVisible = 0;
			defaultConfigurationName = Release;
		};
		1A1401761FED826B0051F302 /* Build configuration list for PBXNativeTarget "AwareHealthUITests" */ = {
			isa = XCConfigurationList;
			buildConfigurations = (
				1A1401771FED826B0051F302 /* Debug */,
				1A1401781FED826B0051F302 /* Release */,
			);
			defaultConfigurationIsVisible = 0;
			defaultConfigurationName = Release;
		};
/* End XCConfigurationList section */

/* Begin XCVersionGroup section */
		1A14014F1FED826A0051F302 /* AwareHealth.xcdatamodeld */ = {
			isa = XCVersionGroup;
			children = (
				1A1401501FED826A0051F302 /* AwareHealth.xcdatamodel */,
			);
			currentVersion = 1A1401501FED826A0051F302 /* AwareHealth.xcdatamodel */;
			path = AwareHealth.xcdatamodeld;
			sourceTree = "<group>";
			versionGroupType = wrapper.xcdatamodel;
		};
/* End XCVersionGroup section */
	};
	rootObject = 1A14013D1FED826A0051F302 /* Project object */;
}
